
Microsoft Visual Studio Solution File, Format Version 12.00
Project("{FAE04EC0-301F-11D3-BF4B-00C04F79EFBC}") = "RazorMVCDotNetApp", "RazorMVCDotNetApp.csproj", "{94BE5C1D-82EF-46F4-9103-49F1E0D8FF37}"
EndProject
Global
	GlobalSection(SolutionConfigurationPlatforms) = preSolution
		Debug|Any CPU = Debug|Any CPU
		Release|Any CPU = Release|Any CPU
	EndGlobalSection
	GlobalSection(ProjectConfigurationPlatforms) = postSolution
		{94BE5C1D-82EF-46F4-9103-49F1E0D8FF37}.Debug|Any CPU.ActiveCfg = Debug|Any CPU
		{94BE5C1D-82EF-46F4-9103-49F1E0D8FF37}.Debug|Any CPU.Build.0 = Debug|Any CPU
		{94BE5C1D-82EF-46F4-9103-49F1E0D8FF37}.Release|Any CPU.ActiveCfg = Release|Any CPU
		{94BE5C1D-82EF-46F4-9103-49F1E0D8FF37}.Release|Any CPU.Build.0 = Release|Any CPU
	EndGlobalSection
EndGlobal
